
Microsoft Visual Studio Solution File, Format Version 12.00
# Visual Studio Version 17
VisualStudioVersion = 17.5.33530.505
MinimumVisualStudioVersion = 10.0.40219.1
Project("{FAE04EC0-301F-11D3-BF4B-00C04F79EFBC}") = "Learnly.Api.Core", "Learnly.Api.Core\Learnly.Api.Core.csproj", "{2F7A9F1F-A568-4B29-A188-60E4F0E688A8}"
EndProject
Global
	GlobalSection(SolutionConfigurationPlatforms) = preSolution
		Debug|Any CPU = Debug|Any CPU
		Release|Any CPU = Release|Any CPU
	EndGlobalSection
	GlobalSection(ProjectConfigurationPlatforms) = postSolution
		{2F7A9F1F-A568-4B29-A188-60E4F0E688A8}.Debug|Any CPU.ActiveCfg = Debug|Any CPU
		{2F7A9F1F-A568-4B29-A188-60E4F0E688A8}.Debug|Any CPU.Build.0 = Debug|Any CPU
		{2F7A9F1F-A568-4B29-A188-60E4F0E688A8}.Release|Any CPU.ActiveCfg = Release|Any CPU
		{2F7A9F1F-A568-4B29-A188-60E4F0E688A8}.Release|Any CPU.Build.0 = Release|Any CPU
	EndGlobalSection
	GlobalSection(SolutionProperties) = preSolution
		HideSolutionNode = FALSE
	EndGlobalSection
	GlobalSection(ExtensibilityGlobals) = postSolution
		SolutionGuid = {4DF78DC9-E299-49B1-9A57-DC63E305D7CC}
	EndGlobalSection
EndGlobal
